{
  "version": "3",
  "packages": {
    "specifiers": {
      "npm:@supabase/supabase-js@^2.45.3": "npm:@supabase/supabase-js@2.45.3",
      "npm:@types/node": "npm:@types/node@18.16.19",
      "npm:pinia@^2.0.11": "npm:pinia@2.2.2_vue@3.5.3",
      "npm:vue-router@^4.0.12": "npm:vue-router@4.4.3_vue@3.5.3",
      "npm:vue@^3.2.21": "npm:vue@3.5.3"
    },
    "npm": {
      "@babel/helper-string-parser@7.24.8": {
        "integrity": "sha512-pO9KhhRcuUyGnJWwyEgnRJTSIZHiT+vMD0kPeD+so0l7mxkMT19g3pjY9GTnHySck/hDzq+dtW/4VgnMkippsQ==",
        "dependencies": {}
      },
      "@babel/helper-validator-identifier@7.24.7": {
        "integrity": "sha512-rR+PBcQ1SMQDDyF6X0wxtG8QyLCgUB0eRAGguqRLfkCA87l7yAP7ehq8SNj96OOGTO8OBV70KhuFYcIkHXOg0w==",
        "dependencies": {}
      },
      "@babel/parser@7.25.6": {
        "integrity": "sha512-trGdfBdbD0l1ZPmcJ83eNxB9rbEax4ALFTF7fN386TMYbeCQbyme5cOEXQhbGXKebwGaB/J52w1mrklMcbgy6Q==",
        "dependencies": {
          "@babel/types": "@babel/types@7.25.6"
        }
      },
      "@babel/types@7.25.6": {
        "integrity": "sha512-/l42B1qxpG6RdfYf343Uw1vmDjeNhneUXtzhojE7pDgfpEypmRhI6j1kr17XCVv4Cgl9HdAiQY2x0GwKm7rWCw==",
        "dependencies": {
          "@babel/helper-string-parser": "@babel/helper-string-parser@7.24.8",
          "@babel/helper-validator-identifier": "@babel/helper-validator-identifier@7.24.7",
          "to-fast-properties": "to-fast-properties@2.0.0"
        }
      },
      "@jridgewell/sourcemap-codec@1.5.0": {
        "integrity": "sha512-gv3ZRaISU3fjPAgNsriBRqGWQL6quFx04YMPW/zD8XMLsU32mhCCbfbO6KZFLjvYpCZ8zyDEgqsgf+PwPaM7GQ==",
        "dependencies": {}
      },
      "@supabase/auth-js@2.65.0": {
        "integrity": "sha512-+wboHfZufAE2Y612OsKeVP4rVOeGZzzMLD/Ac3HrTQkkY4qXNjI6Af9gtmxwccE5nFvTiF114FEbIQ1hRq5uUw==",
        "dependencies": {
          "@supabase/node-fetch": "@supabase/node-fetch@2.6.15"
        }
      },
      "@supabase/functions-js@2.4.1": {
        "integrity": "sha512-8sZ2ibwHlf+WkHDUZJUXqqmPvWQ3UHN0W30behOJngVh/qHHekhJLCFbh0AjkE9/FqqXtf9eoVvmYgfCLk5tNA==",
        "dependencies": {
          "@supabase/node-fetch": "@supabase/node-fetch@2.6.15"
        }
      },
      "@supabase/node-fetch@2.6.15": {
        "integrity": "sha512-1ibVeYUacxWYi9i0cf5efil6adJ9WRyZBLivgjs+AUpewx1F3xPi7gLgaASI2SmIQxPoCEjAsLAzKPgMJVgOUQ==",
        "dependencies": {
          "whatwg-url": "whatwg-url@5.0.0"
        }
      },
      "@supabase/postgrest-js@1.15.8": {
        "integrity": "sha512-YunjXpoQjQ0a0/7vGAvGZA2dlMABXFdVI/8TuVKtlePxyT71sl6ERl6ay1fmIeZcqxiuFQuZw/LXUuStUG9bbg==",
        "dependencies": {
          "@supabase/node-fetch": "@supabase/node-fetch@2.6.15"
        }
      },
      "@supabase/realtime-js@2.10.2": {
        "integrity": "sha512-qyCQaNg90HmJstsvr2aJNxK2zgoKh9ZZA8oqb7UT2LCh3mj9zpa3Iwu167AuyNxsxrUE8eEJ2yH6wLCij4EApA==",
        "dependencies": {
          "@supabase/node-fetch": "@supabase/node-fetch@2.6.15",
          "@types/phoenix": "@types/phoenix@1.6.5",
          "@types/ws": "@types/ws@8.5.12",
          "ws": "ws@8.18.0"
        }
      },
      "@supabase/storage-js@2.7.0": {
        "integrity": "sha512-iZenEdO6Mx9iTR6T7wC7sk6KKsoDPLq8rdu5VRy7+JiT1i8fnqfcOr6mfF2Eaqky9VQzhP8zZKQYjzozB65Rig==",
        "dependencies": {
          "@supabase/node-fetch": "@supabase/node-fetch@2.6.15"
        }
      },
      "@supabase/supabase-js@2.45.3": {
        "integrity": "sha512-4wAux6cuVMrdH/qUjKn6p3p3L9AtAO3Une6ojIrtpCj1RaXKVoyIATiacSRAI+pKff6XZBVCGC29v+z4Jo/uSw==",
        "dependencies": {
          "@supabase/auth-js": "@supabase/auth-js@2.65.0",
          "@supabase/functions-js": "@supabase/functions-js@2.4.1",
          "@supabase/node-fetch": "@supabase/node-fetch@2.6.15",
          "@supabase/postgrest-js": "@supabase/postgrest-js@1.15.8",
          "@supabase/realtime-js": "@supabase/realtime-js@2.10.2",
          "@supabase/storage-js": "@supabase/storage-js@2.7.0"
        }
      },
      "@types/node@18.16.19": {
        "integrity": "sha512-IXl7o+R9iti9eBW4Wg2hx1xQDig183jj7YLn8F7udNceyfkbn1ZxmzZXuak20gR40D7pIkIY1kYGx5VIGbaHKA==",
        "dependencies": {}
      },
      "@types/phoenix@1.6.5": {
        "integrity": "sha512-xegpDuR+z0UqG9fwHqNoy3rI7JDlvaPh2TY47Fl80oq6g+hXT+c/LEuE43X48clZ6lOfANl5WrPur9fYO1RJ/w==",
        "dependencies": {}
      },
      "@types/ws@8.5.12": {
        "integrity": "sha512-3tPRkv1EtkDpzlgyKyI8pGsGZAGPEaXeu0DOj5DI25Ja91bdAYddYHbADRYVrZMRbfW+1l5YwXVDKohDJNQxkQ==",
        "dependencies": {
          "@types/node": "@types/node@18.16.19"
        }
      },
      "@vue/compiler-core@3.5.3": {
        "integrity": "sha512-adAfy9boPkP233NTyvLbGEqVuIfK/R0ZsBsIOW4BZNfb4BRpRW41Do1u+ozJpsb+mdoy80O20IzAsHaihRb5qA==",
        "dependencies": {
          "@babel/parser": "@babel/parser@7.25.6",
          "@vue/shared": "@vue/shared@3.5.3",
          "entities": "entities@4.5.0",
          "estree-walker": "estree-walker@2.0.2",
          "source-map-js": "source-map-js@1.2.0"
        }
      },
      "@vue/compiler-dom@3.5.3": {
        "integrity": "sha512-wnzFArg9zpvk/811CDOZOadJRugf1Bgl/TQ3RfV4nKfSPok4hi0w10ziYUQR6LnnBAUlEXYLUfZ71Oj9ds/+QA==",
        "dependencies": {
          "@vue/compiler-core": "@vue/compiler-core@3.5.3",
          "@vue/shared": "@vue/shared@3.5.3"
        }
      },
      "@vue/compiler-sfc@3.5.3": {
        "integrity": "sha512-P3uATLny2tfyvMB04OQFe7Sczteno7SLFxwrOA/dw01pBWQHB5HL15a8PosoNX2aG/EAMGqnXTu+1LnmzFhpTQ==",
        "dependencies": {
          "@babel/parser": "@babel/parser@7.25.6",
          "@vue/compiler-core": "@vue/compiler-core@3.5.3",
          "@vue/compiler-dom": "@vue/compiler-dom@3.5.3",
          "@vue/compiler-ssr": "@vue/compiler-ssr@3.5.3",
          "@vue/shared": "@vue/shared@3.5.3",
          "estree-walker": "estree-walker@2.0.2",
          "magic-string": "magic-string@0.30.11",
          "postcss": "postcss@8.4.45",
          "source-map-js": "source-map-js@1.2.0"
        }
      },
      "@vue/compiler-ssr@3.5.3": {
        "integrity": "sha512-F/5f+r2WzL/2YAPl7UlKcJWHrvoZN8XwEBLnT7S4BXwncH25iDOabhO2M2DWioyTguJAGavDOawejkFXj8EM1w==",
        "dependencies": {
          "@vue/compiler-dom": "@vue/compiler-dom@3.5.3",
          "@vue/shared": "@vue/shared@3.5.3"
        }
      },
      "@vue/devtools-api@6.6.3": {
        "integrity": "sha512-0MiMsFma/HqA6g3KLKn+AGpL1kgKhFWszC9U29NfpWK5LE7bjeXxySWJrOJ77hBz+TBrBQ7o4QJqbPbqbs8rJw==",
        "dependencies": {}
      },
      "@vue/reactivity@3.5.3": {
        "integrity": "sha512-2w61UnRWTP7+rj1H/j6FH706gRBHdFVpIqEkSDAyIpafBXYH8xt4gttstbbCWdU3OlcSWO8/3mbKl/93/HSMpw==",
        "dependencies": {
          "@vue/shared": "@vue/shared@3.5.3"
        }
      },
      "@vue/runtime-core@3.5.3": {
        "integrity": "sha512-5b2AQw5OZlmCzSsSBWYoZOsy75N4UdMWenTfDdI5bAzXnuVR7iR8Q4AOzQm2OGoA41xjk53VQKrqQhOz2ktWaw==",
        "dependencies": {
          "@vue/reactivity": "@vue/reactivity@3.5.3",
          "@vue/shared": "@vue/shared@3.5.3"
        }
      },
      "@vue/runtime-dom@3.5.3": {
        "integrity": "sha512-wPR1DEGc3XnQ7yHbmkTt3GoY0cEnVGQnARRdAkDzZ8MbUKEs26gogCQo6AOvvgahfjIcnvWJzkZArQ1fmWjcSg==",
        "dependencies": {
          "@vue/reactivity": "@vue/reactivity@3.5.3",
          "@vue/runtime-core": "@vue/runtime-core@3.5.3",
          "@vue/shared": "@vue/shared@3.5.3",
          "csstype": "csstype@3.1.3"
        }
      },
      "@vue/server-renderer@3.5.3_vue@3.5.3": {
        "integrity": "sha512-28volmaZVG2PGO3V3+gBPKoSHvLlE8FGfG/GKXKkjjfxLuj/50B/0OQGakM/g6ehQeqCrZYM4eHC4Ks48eig1Q==",
        "dependencies": {
          "@vue/compiler-ssr": "@vue/compiler-ssr@3.5.3",
          "@vue/shared": "@vue/shared@3.5.3",
          "vue": "vue@3.5.3"
        }
      },
      "@vue/shared@3.5.3": {
        "integrity": "sha512-Jp2v8nylKBT+PlOUjun2Wp/f++TfJVFjshLzNtJDdmFJabJa7noGMncqXRM1vXGX+Yo2V7WykQFNxusSim8SCA==",
        "dependencies": {}
      },
      "csstype@3.1.3": {
        "integrity": "sha512-M1uQkMl8rQK/szD0LNhtqxIPLpimGm8sOBwU7lLnCpSbTyY3yeU1Vc7l4KT5zT4s/yOxHH5O7tIuuLOCnLADRw==",
        "dependencies": {}
      },
      "entities@4.5.0": {
        "integrity": "sha512-V0hjH4dGPh9Ao5p0MoRY6BVqtwCjhz6vI5LT8AJ55H+4g9/4vbHx1I54fS0XuclLhDHArPQCiMjDxjaL8fPxhw==",
        "dependencies": {}
      },
      "estree-walker@2.0.2": {
        "integrity": "sha512-Rfkk/Mp/DL7JVje3u18FxFujQlTNR2q6QfMSMB7AvCBx91NGj/ba3kCfza0f6dVDbw7YlRf/nDrn7pQrCCyQ/w==",
        "dependencies": {}
      },
      "magic-string@0.30.11": {
        "integrity": "sha512-+Wri9p0QHMy+545hKww7YAu5NyzF8iomPL/RQazugQ9+Ez4Ic3mERMd8ZTX5rfK944j+560ZJi8iAwgak1Ac7A==",
        "dependencies": {
          "@jridgewell/sourcemap-codec": "@jridgewell/sourcemap-codec@1.5.0"
        }
      },
      "nanoid@3.3.7": {
        "integrity": "sha512-eSRppjcPIatRIMC1U6UngP8XFcz8MQWGQdt1MTBQ7NaAmvXDfvNxbvWV3x2y6CdEUciCSsDHDQZbhYaB8QEo2g==",
        "dependencies": {}
      },
      "picocolors@1.1.0": {
        "integrity": "sha512-TQ92mBOW0l3LeMeyLV6mzy/kWr8lkd/hp3mTg7wYK7zJhuBStmGMBG0BdeDZS/dZx1IukaX6Bk11zcln25o1Aw==",
        "dependencies": {}
      },
      "pinia@2.2.2_vue@3.5.3": {
        "integrity": "sha512-ja2XqFWZC36mupU4z1ZzxeTApV7DOw44cV4dhQ9sGwun+N89v/XP7+j7q6TanS1u1tdbK4r+1BUx7heMaIdagA==",
        "dependencies": {
          "@vue/devtools-api": "@vue/devtools-api@6.6.3",
          "vue": "vue@3.5.3",
          "vue-demi": "vue-demi@0.14.10_vue@3.5.3"
        }
      },
      "postcss@8.4.45": {
        "integrity": "sha512-7KTLTdzdZZYscUc65XmjFiB73vBhBfbPztCYdUNvlaso9PrzjzcmjqBPR0lNGkcVlcO4BjiO5rK/qNz+XAen1Q==",
        "dependencies": {
          "nanoid": "nanoid@3.3.7",
          "picocolors": "picocolors@1.1.0",
          "source-map-js": "source-map-js@1.2.0"
        }
      },
      "source-map-js@1.2.0": {
        "integrity": "sha512-itJW8lvSA0TXEphiRoawsCksnlf8SyvmFzIhltqAHluXd88pkCd+cXJVHTDwdCr0IzwptSm035IHQktUu1QUMg==",
        "dependencies": {}
      },
      "to-fast-properties@2.0.0": {
        "integrity": "sha512-/OaKK0xYrs3DmxRYqL/yDc+FxFUVYhDlXMhRmv3z915w2HF1tnN1omB354j8VUGO/hbRzyD6Y3sA7v7GS/ceog==",
        "dependencies": {}
      },
      "tr46@0.0.3": {
        "integrity": "sha512-N3WMsuqV66lT30CrXNbEjx4GEwlow3v6rr4mCcv6prnfwhS01rkgyFdjPNBYd9br7LpXV1+Emh01fHnq2Gdgrw==",
        "dependencies": {}
      },
      "vue-demi@0.14.10_vue@3.5.3": {
        "integrity": "sha512-nMZBOwuzabUO0nLgIcc6rycZEebF6eeUfaiQx9+WSk8e29IbLvPU9feI6tqW4kTo3hvoYAJkMh8n8D0fuISphg==",
        "dependencies": {
          "vue": "vue@3.5.3"
        }
      },
      "vue-router@4.4.3_vue@3.5.3": {
        "integrity": "sha512-sv6wmNKx2j3aqJQDMxLFzs/u/mjA9Z5LCgy6BE0f7yFWMjrPLnS/sPNn8ARY/FXw6byV18EFutn5lTO6+UsV5A==",
        "dependencies": {
          "@vue/devtools-api": "@vue/devtools-api@6.6.3",
          "vue": "vue@3.5.3"
        }
      },
      "vue@3.5.3": {
        "integrity": "sha512-xvRbd0HpuLovYbOHXRHlSBsSvmUJbo0pzbkKTApWnQGf3/cu5Z39mQeA5cZdLRVIoNf3zI6MSoOgHUT5i2jO+Q==",
        "dependencies": {
          "@vue/compiler-dom": "@vue/compiler-dom@3.5.3",
          "@vue/compiler-sfc": "@vue/compiler-sfc@3.5.3",
          "@vue/runtime-dom": "@vue/runtime-dom@3.5.3",
          "@vue/server-renderer": "@vue/server-renderer@3.5.3_vue@3.5.3",
          "@vue/shared": "@vue/shared@3.5.3"
        }
      },
      "webidl-conversions@3.0.1": {
        "integrity": "sha512-2JAn3z8AR6rjK8Sm8orRC0h/bcl/DqL7tRPdGZ4I1CjdF+EaMLmYxBHyXuKL849eucPFhvBoxMsflfOb8kxaeQ==",
        "dependencies": {}
      },
      "whatwg-url@5.0.0": {
        "integrity": "sha512-saE57nupxk6v3HY35+jzBwYa0rKSy0XR8JSxZPwgLr7ys0IBzhGviA1/TUGJLmSVqs8pb9AnvICXEuOHLprYTw==",
        "dependencies": {
          "tr46": "tr46@0.0.3",
          "webidl-conversions": "webidl-conversions@3.0.1"
        }
      },
      "ws@8.18.0": {
        "integrity": "sha512-8VbfWfHLbbwu3+N6OKsOMpBdT4kXPDDB9cJk2bJ6mh9ucxdlnNvH1e+roYkKmN9Nxw2yjz7VzeO9oOz2zJ04Pw==",
        "dependencies": {}
      }
    }
  },
  "redirects": {
    "https://esm.sh/@supabase/supabase-js@2": "https://esm.sh/@supabase/supabase-js@2.45.4"
  },
  "remote": {
    "https://deno.land/std@0.168.0/async/abortable.ts": "80b2ac399f142cc528f95a037a7d0e653296352d95c681e284533765961de409",
    "https://deno.land/std@0.168.0/async/deadline.ts": "2c2deb53c7c28ca1dda7a3ad81e70508b1ebc25db52559de6b8636c9278fd41f",
    "https://deno.land/std@0.168.0/async/debounce.ts": "60301ffb37e730cd2d6f9dadfd0ecb2a38857681bd7aaf6b0a106b06e5210a98",
    "https://deno.land/std@0.168.0/async/deferred.ts": "77d3f84255c3627f1cc88699d8472b664d7635990d5358c4351623e098e917d6",
    "https://deno.land/std@0.168.0/async/delay.ts": "5a9bfba8de38840308a7a33786a0155a7f6c1f7a859558ddcec5fe06e16daf57",
    "https://deno.land/std@0.168.0/async/mod.ts": "7809ad4bb223e40f5fdc043e5c7ca04e0e25eed35c32c3c32e28697c553fa6d9",
    "https://deno.land/std@0.168.0/async/mux_async_iterator.ts": "770a0ff26c59f8bbbda6b703a2235f04e379f73238e8d66a087edc68c2a2c35f",
    "https://deno.land/std@0.168.0/async/pool.ts": "6854d8cd675a74c73391c82005cbbe4cc58183bddcd1fbbd7c2bcda42b61cf69",
    "https://deno.land/std@0.168.0/async/retry.ts": "e8e5173623915bbc0ddc537698fa418cf875456c347eda1ed453528645b42e67",
    "https://deno.land/std@0.168.0/async/tee.ts": "3a47cc4e9a940904fd4341f0224907e199121c80b831faa5ec2b054c6d2eff5e",
    "https://deno.land/std@0.168.0/http/server.ts": "e99c1bee8a3f6571ee4cdeb2966efad465b8f6fe62bec1bdb59c1f007cc4d155",
    "https://esm.sh/@supabase/supabase-js@2.45.4": "c6a1eb2b02905fe78d5b756d2d835dbee9cff9b323d70a0287fd645219db77c3",
    "https://esm.sh/v135/@supabase/auth-js@2.65.0/denonext/auth-js.mjs": "681ac3008c2a9a3876abe3b61f86b2ff9c60b901d3e25cdcedc268593ac4ccda",
    "https://esm.sh/v135/@supabase/functions-js@2.4.1/denonext/functions-js.mjs": "c7cb8535aa4c37b3b537c0129f978030d0ee022b99a83a110e9d80662d2cdc0a",
    "https://esm.sh/v135/@supabase/node-fetch@2.6.15/denonext/node-fetch.mjs": "efad00ea3d4cbe1bee688836ef75339d49a1981bc5728a13e9ad5f26791d5efb",
    "https://esm.sh/v135/@supabase/postgrest-js@1.16.1/denonext/postgrest-js.mjs": "ffacacaff923deeccafadaa53752d62804a96af4d87a7f62ec0e3ae17e585e5f",
    "https://esm.sh/v135/@supabase/realtime-js@2.10.2/denonext/realtime-js.mjs": "5a4e1073018ac5e7c1ab348cebd2880ca079e6a18ad3cf5ca8fa443e9c80778c",
    "https://esm.sh/v135/@supabase/storage-js@2.7.0/denonext/storage-js.mjs": "b581cd3ad72a545ad56302dbece8327536a48c2a5c7854d4dcc6f84c1f43e7a9",
    "https://esm.sh/v135/@supabase/supabase-js@2.45.4/denonext/supabase-js.mjs": "35c91455ce7616c485a2675273585a8e051ca0662f333c982310f76ce6ec7142",
    "https://esm.sh/v135/bufferutil@4.0.8/denonext/bufferutil.mjs": "60a4618cbd1a5cb24935c55590b793d4ecb33862357d32e1d4614a0bbb90947f",
    "https://esm.sh/v135/node-gyp-build@4.6.1/denonext/node-gyp-build.mjs": "5d28b312f145a6cb2ec0dbdd80a7d34c0e0e6b5dcada65411d8bcff6c8991cc6",
    "https://esm.sh/v135/node-gyp-build@4.8.1/denonext/node-gyp-build.mjs": "cddfc39c5f2d6e228fb1cd8cc36a594d870470b01348f866a7fb4e6f3ed8c66d",
    "https://esm.sh/v135/utf-8-validate@6.0.4/denonext/utf-8-validate.mjs": "ab4990b545a45f10f7711c69046ee3e9c5b732b9781937f922cefd3fc99d0e88",
    "https://esm.sh/v135/ws@8.17.1/denonext/ws.mjs": "8c9b9fd82d9879be14e9145aee4104ad43dea340e458e144dc166588f7ff5144"
  }
}
